
Microsoft Visual Studio Solution File, Format Version 12.00
# Visual Studio Version 17
VisualStudioVersion = 17.14.37027.9 d17.14
MinimumVisualStudioVersion = 10.0.40219.1
Project("{FAE04EC0-301F-11D3-BF4B-00C04F79EFBC}") = "AutoSalon", "AutoSalon\AutoSalon.csproj", "{848662AE-1058-485B-B785-BD35BCCBF209}"
EndProject
Global
	GlobalSection(SolutionConfigurationPlatforms) = preSolution
		Debug|Any CPU = Debug|Any CPU
		Release|Any CPU = Release|Any CPU
	EndGlobalSection
	GlobalSection(ProjectConfigurationPlatforms) = postSolution
		{848662AE-1058-485B-B785-BD35BCCBF209}.Debug|Any CPU.ActiveCfg = Debug|Any CPU
		{848662AE-1058-485B-B785-BD35BCCBF209}.Debug|Any CPU.Build.0 = Debug|Any CPU
		{848662AE-1058-485B-B785-BD35BCCBF209}.Release|Any CPU.ActiveCfg = Release|Any CPU
		{848662AE-1058-485B-B785-BD35BCCBF209}.Release|Any CPU.Build.0 = Release|Any CPU
	EndGlobalSection
	GlobalSection(SolutionProperties) = preSolution
		HideSolutionNode = FALSE
	EndGlobalSection
	GlobalSection(ExtensibilityGlobals) = postSolution
		SolutionGuid = {CF8AE04E-E387-4C55-BD79-0EB360397D6C}
	EndGlobalSection
EndGlobal
